{
  "nodes": {
    "catppuccin": {
      "inputs": {
        "nixpkgs": "nixpkgs"
      },
      "locked": {
        "lastModified": 1751880463,
        "narHash": "sha256-aSQllMKqsTYAUp4yhpspZn0Hj5yIj7Mh4UD5iyk5iMM=",
        "owner": "catppuccin",
        "repo": "nix",
        "rev": "9474347c69e93e392f194dda7a57c641ba4b998e",
        "type": "github"
      },
      "original": {
        "owner": "catppuccin",
        "repo": "nix",
        "type": "github"
      }
    },
    "flake-parts": {
      "inputs": {
        "nixpkgs-lib": "nixpkgs-lib"
      },
      "locked": {
        "lastModified": 1765495779,
        "narHash": "sha256-MhA7wmo/7uogLxiewwRRmIax70g6q1U/YemqTGoFHlM=",
        "owner": "hercules-ci",
        "repo": "flake-parts",
        "rev": "5635c32d666a59ec9a55cab87e898889869f7b71",
        "type": "github"
      },
      "original": {
        "owner": "hercules-ci",
        "repo": "flake-parts",
        "type": "github"
      }
    },
    "home-manager": {
      "inputs": {
        "nixpkgs": [
          "nixpkgs"
        ]
      },
      "locked": {
        "lastModified": 1758928860,
        "narHash": "sha256-ZqaRdd+KoR54dNJPtd7UX4O0X+02YItnTpQVu28lSVI=",
        "owner": "nix-community",
        "repo": "home-manager",
        "rev": "bc2afee55bc5d3b825287829d6592b9cc1405aad",
        "type": "github"
      },
      "original": {
        "owner": "nix-community",
        "repo": "home-manager",
        "type": "github"
      }
    },
    "nix-gaming": {
      "inputs": {
        "flake-parts": "flake-parts",
        "nixpkgs": "nixpkgs_2"
      },
      "locked": {
        "lastModified": 1766023166,
        "narHash": "sha256-6p0ez0d4qkqLDKLHliS2kz9CQaftsZT3P48J0aV3zRw=",
        "owner": "fufexan",
        "repo": "nix-gaming",
        "rev": "f67539f079071f57cf3e2f3e3ca00595d62990f3",
        "type": "github"
      },
      "original": {
        "owner": "fufexan",
        "repo": "nix-gaming",
        "type": "github"
      }
    },
    "nixpkgs": {
      "locked": {
        "lastModified": 1762111121,
        "narHash": "sha256-4vhDuZ7OZaZmKKrnDpxLZZpGIJvAeMtK6FKLJYUtAdw=",
        "owner": "NixOS",
        "repo": "nixpkgs",
        "rev": "b3d51a0365f6695e7dd5cdf3e180604530ed33b4",
        "type": "github"
      },
      "original": {
        "owner": "NixOS",
        "ref": "nixos-unstable",
        "repo": "nixpkgs",
        "type": "github"
      }
    },
    "nixpkgs-lib": {
      "locked": {
        "lastModified": 1761765539,
        "narHash": "sha256-b0yj6kfvO8ApcSE+QmA6mUfu8IYG6/uU28OFn4PaC8M=",
        "owner": "nix-community",
        "repo": "nixpkgs.lib",
        "rev": "719359f4562934ae99f5443f20aa06c2ffff91fc",
        "type": "github"
      },
      "original": {
        "owner": "nix-community",
        "repo": "nixpkgs.lib",
        "type": "github"
      }
    },
    "nixpkgs-pr": {
      "locked": {
        "lastModified": 1762758762,
        "narHash": "sha256-0qwSQZpYVSxM32Cke7yboEKvvy855ly1wbMijz3Q24g=",
        "owner": "tobim",
        "repo": "nixpkgs",
        "rev": "8f02ad0cd20685888ed41d05774cf1673cd9781b",
        "type": "github"
      },
      "original": {
        "owner": "tobim",
        "ref": "pkgs/ccls-0.20250815",
        "repo": "nixpkgs",
        "type": "github"
      }
    },
    "nixpkgs_2": {
      "locked": {
        "lastModified": 1765457389,
        "narHash": "sha256-ddhDtNYvleZeYF7g7TRFSmuQuZh7HCgqstg5YBGwo5s=",
        "owner": "NixOS",
        "repo": "nixpkgs",
        "rev": "f997fa0f94fb1ce55bccb97f60d41412ae8fde4c",
        "type": "github"
      },
      "original": {
        "owner": "NixOS",
        "ref": "nixpkgs-unstable",
        "repo": "nixpkgs",
        "type": "github"
      }
    },
    "nixpkgs_3": {
      "locked": {
        "lastModified": 1766651565,
        "narHash": "sha256-QEhk0eXgyIqTpJ/ehZKg9IKS7EtlWxF3N7DXy42zPfU=",
        "owner": "nixos",
        "repo": "nixpkgs",
        "rev": "3e2499d5539c16d0d173ba53552a4ff8547f4539",
        "type": "github"
      },
      "original": {
        "owner": "nixos",
        "ref": "nixos-unstable",
        "repo": "nixpkgs",
        "type": "github"
      }
    },
    "root": {
      "inputs": {
        "catppuccin": "catppuccin",
        "home-manager": "home-manager",
        "nix-gaming": "nix-gaming",
        "nixpkgs": "nixpkgs_3",
        "nixpkgs-pr": "nixpkgs-pr"
      }
    }
  },
  "root": "root",
  "version": 7
}
